
Microsoft Visual Studio Solution File, Format Version 12.00
# Visual Studio 2013
VisualStudioVersion = 12.0.31101.0
MinimumVisualStudioVersion = 10.0.40219.1
Project("{FAE04EC0-301F-11D3-BF4B-00C04F79EFBC}") = "XY.His.Domain", "Xy.His.Domain\XY.His.Domain.csproj", "{49A6FDB7-71E1-4E90-924D-1558F27E149C}"
EndProject
Project("{FAE04EC0-301F-11D3-BF4B-00C04F79EFBC}") = "XY.His.Client", "Xy.His.Proxy\XY.His.Client.csproj", "{DF186572-37B9-45F9-BB9A-0FEA5151B322}"
EndProject
Project("{FAE04EC0-301F-11D3-BF4B-00C04F79EFBC}") = "XY.His.Contract", "Xy.His.Contract\XY.His.Contract.csproj", "{445A7ABD-9BFD-4BB0-A92A-E790B9AA7F09}"
EndProject
Project("{FAE04EC0-301F-11D3-BF4B-00C04F79EFBC}") = "XY.His.Utils", "Xy.His.Utils\XY.His.Utils.csproj", "{DA366FBA-8E90-42FA-9FC5-F18EC0006D98}"
EndProject
Project("{FAE04EC0-301F-11D3-BF4B-00C04F79EFBC}") = "XY.His.Service", "Xy.His.Service\XY.His.Service.csproj", "{F3CBE487-6A15-46D3-8D51-FEDB89377BBB}"
EndProject
Project("{FAE04EC0-301F-11D3-BF4B-00C04F79EFBC}") = "XY.His.Core", "XY.His.Core\XY.His.Core.csproj", "{50BB2236-02DC-40FF-B0F0-AB37D093279D}"
EndProject
Project("{FAE04EC0-301F-11D3-BF4B-00C04F79EFBC}") = "XY.His.Model", "XY.His.Model\XY.His.Model.csproj", "{D99A2001-1DBB-4E9C-82E2-57B4EF2F514A}"
EndProject
Project("{2150E333-8FDC-42A3-9474-1A3956D46DE8}") = "03 Model", "03 Model", "{3F806537-3442-4770-BB22-E7EC8D93D76C}"
EndProject
Project("{2150E333-8FDC-42A3-9474-1A3956D46DE8}") = "02 Utils", "02 Utils", "{A443C6D5-8391-400D-864A-A6F799018930}"
EndProject
Project("{2150E333-8FDC-42A3-9474-1A3956D46DE8}") = "04 Contract", "04 Contract", "{7F1B07DC-5820-4A08-AFC8-0F3DE91A6EE2}"
EndProject
Project("{2150E333-8FDC-42A3-9474-1A3956D46DE8}") = "07 Client", "07 Client", "{1C010B96-9168-4CC1-A154-94376650E5BE}"
EndProject
Project("{2150E333-8FDC-42A3-9474-1A3956D46DE8}") = "05 Service", "05 Service", "{C730A032-76C3-4C11-90C4-3F7282D9A1A0}"
EndProject
Project("{2150E333-8FDC-42A3-9474-1A3956D46DE8}") = "09 UnitTests", "09 UnitTests", "{178413E5-D9E7-4657-A221-09DB5A931B61}"
EndProject
Project("{2150E333-8FDC-42A3-9474-1A3956D46DE8}") = "01 Core", "01 Core", "{D949A31E-E161-4E3A-A8F1-CBE6F391331D}"
EndProject
Project("{FAE04EC0-301F-11D3-BF4B-00C04F79EFBC}") = "XY.His.Service.UnitTests", "XY.His.Service.UnitTests\XY.His.Service.UnitTests.csproj", "{58088072-9A67-4748-9128-29CA43BE9458}"
EndProject
Project("{2150E333-8FDC-42A3-9474-1A3956D46DE8}") = "08 Server", "08 Server", "{9821907D-07B6-4978-AD9F-1DDC684081B3}"
EndProject
Project("{FAE04EC0-301F-11D3-BF4B-00C04F79EFBC}") = "XY.His.Server", "XY.His.Wcf\XY.His.Server.csproj", "{3A7E808F-7A83-473F-881C-2CDF62913474}"
EndProject
Project("{2150E333-8FDC-42A3-9474-1A3956D46DE8}") = ".nuget", ".nuget", "{91B97186-21F9-407F-B691-A641A701AE26}"
	ProjectSection(SolutionItems) = preProject
		.nuget\NuGet.Config = .nuget\NuGet.Config
		.nuget\NuGet.exe = .nuget\NuGet.exe
		.nuget\NuGet.targets = .nuget\NuGet.targets
	EndProjectSection
EndProject
Global
	GlobalSection(SolutionConfigurationPlatforms) = preSolution
		Debug|Any CPU = Debug|Any CPU
		Release|Any CPU = Release|Any CPU
	EndGlobalSection
	GlobalSection(ProjectConfigurationPlatforms) = postSolution
		{49A6FDB7-71E1-4E90-924D-1558F27E149C}.Debug|Any CPU.ActiveCfg = Debug|Any CPU
		{49A6FDB7-71E1-4E90-924D-1558F27E149C}.Debug|Any CPU.Build.0 = Debug|Any CPU
		{49A6FDB7-71E1-4E90-924D-1558F27E149C}.Release|Any CPU.ActiveCfg = Release|Any CPU
		{49A6FDB7-71E1-4E90-924D-1558F27E149C}.Release|Any CPU.Build.0 = Release|Any CPU
		{DF186572-37B9-45F9-BB9A-0FEA5151B322}.Debug|Any CPU.ActiveCfg = Debug|Any CPU
		{DF186572-37B9-45F9-BB9A-0FEA5151B322}.Debug|Any CPU.Build.0 = Debug|Any CPU
		{DF186572-37B9-45F9-BB9A-0FEA5151B322}.Release|Any CPU.ActiveCfg = Release|Any CPU
		{DF186572-37B9-45F9-BB9A-0FEA5151B322}.Release|Any CPU.Build.0 = Release|Any CPU
		{445A7ABD-9BFD-4BB0-A92A-E790B9AA7F09}.Debug|Any CPU.ActiveCfg = Debug|Any CPU
		{445A7ABD-9BFD-4BB0-A92A-E790B9AA7F09}.Debug|Any CPU.Build.0 = Debug|Any CPU
		{445A7ABD-9BFD-4BB0-A92A-E790B9AA7F09}.Release|Any CPU.ActiveCfg = Release|Any CPU
		{445A7ABD-9BFD-4BB0-A92A-E790B9AA7F09}.Release|Any CPU.Build.0 = Release|Any CPU
		{DA366FBA-8E90-42FA-9FC5-F18EC0006D98}.Debug|Any CPU.ActiveCfg = Debug|Any CPU
		{DA366FBA-8E90-42FA-9FC5-F18EC0006D98}.Debug|Any CPU.Build.0 = Debug|Any CPU
		{DA366FBA-8E90-42FA-9FC5-F18EC0006D98}.Release|Any CPU.ActiveCfg = Release|Any CPU
		{DA366FBA-8E90-42FA-9FC5-F18EC0006D98}.Release|Any CPU.Build.0 = Release|Any CPU
		{F3CBE487-6A15-46D3-8D51-FEDB89377BBB}.Debug|Any CPU.ActiveCfg = Debug|Any CPU
		{F3CBE487-6A15-46D3-8D51-FEDB89377BBB}.Debug|Any CPU.Build.0 = Debug|Any CPU
		{F3CBE487-6A15-46D3-8D51-FEDB89377BBB}.Release|Any CPU.ActiveCfg = Release|Any CPU
		{F3CBE487-6A15-46D3-8D51-FEDB89377BBB}.Release|Any CPU.Build.0 = Release|Any CPU
		{50BB2236-02DC-40FF-B0F0-AB37D093279D}.Debug|Any CPU.ActiveCfg = Debug|Any CPU
		{50BB2236-02DC-40FF-B0F0-AB37D093279D}.Debug|Any CPU.Build.0 = Debug|Any CPU
		{50BB2236-02DC-40FF-B0F0-AB37D093279D}.Release|Any CPU.ActiveCfg = Release|Any CPU
		{50BB2236-02DC-40FF-B0F0-AB37D093279D}.Release|Any CPU.Build.0 = Release|Any CPU
		{D99A2001-1DBB-4E9C-82E2-57B4EF2F514A}.Debug|Any CPU.ActiveCfg = Debug|Any CPU
		{D99A2001-1DBB-4E9C-82E2-57B4EF2F514A}.Debug|Any CPU.Build.0 = Debug|Any CPU
		{D99A2001-1DBB-4E9C-82E2-57B4EF2F514A}.Release|Any CPU.ActiveCfg = Release|Any CPU
		{D99A2001-1DBB-4E9C-82E2-57B4EF2F514A}.Release|Any CPU.Build.0 = Release|Any CPU
		{58088072-9A67-4748-9128-29CA43BE9458}.Debug|Any CPU.ActiveCfg = Debug|Any CPU
		{58088072-9A67-4748-9128-29CA43BE9458}.Debug|Any CPU.Build.0 = Debug|Any CPU
		{58088072-9A67-4748-9128-29CA43BE9458}.Release|Any CPU.ActiveCfg = Release|Any CPU
		{58088072-9A67-4748-9128-29CA43BE9458}.Release|Any CPU.Build.0 = Release|Any CPU
		{3A7E808F-7A83-473F-881C-2CDF62913474}.Debug|Any CPU.ActiveCfg = Debug|Any CPU
		{3A7E808F-7A83-473F-881C-2CDF62913474}.Debug|Any CPU.Build.0 = Debug|Any CPU
		{3A7E808F-7A83-473F-881C-2CDF62913474}.Release|Any CPU.ActiveCfg = Release|Any CPU
		{3A7E808F-7A83-473F-881C-2CDF62913474}.Release|Any CPU.Build.0 = Release|Any CPU
	EndGlobalSection
	GlobalSection(SolutionProperties) = preSolution
		HideSolutionNode = FALSE
	EndGlobalSection
	GlobalSection(NestedProjects) = preSolution
		{49A6FDB7-71E1-4E90-924D-1558F27E149C} = {3F806537-3442-4770-BB22-E7EC8D93D76C}
		{DF186572-37B9-45F9-BB9A-0FEA5151B322} = {1C010B96-9168-4CC1-A154-94376650E5BE}
		{445A7ABD-9BFD-4BB0-A92A-E790B9AA7F09} = {7F1B07DC-5820-4A08-AFC8-0F3DE91A6EE2}
		{DA366FBA-8E90-42FA-9FC5-F18EC0006D98} = {A443C6D5-8391-400D-864A-A6F799018930}
		{F3CBE487-6A15-46D3-8D51-FEDB89377BBB} = {C730A032-76C3-4C11-90C4-3F7282D9A1A0}
		{50BB2236-02DC-40FF-B0F0-AB37D093279D} = {D949A31E-E161-4E3A-A8F1-CBE6F391331D}
		{D99A2001-1DBB-4E9C-82E2-57B4EF2F514A} = {3F806537-3442-4770-BB22-E7EC8D93D76C}
		{58088072-9A67-4748-9128-29CA43BE9458} = {178413E5-D9E7-4657-A221-09DB5A931B61}
		{3A7E808F-7A83-473F-881C-2CDF62913474} = {9821907D-07B6-4978-AD9F-1DDC684081B3}
	EndGlobalSection
	GlobalSection(ExtensibilityGlobals) = postSolution
		EnterpriseLibraryConfigurationToolBinariesPath = packages\Unity.2.1.505.2\lib\NET35
	EndGlobalSection
EndGlobal
